
Microsoft Visual Studio Solution File, Format Version 12.00
# Visual Studio Version 17
VisualStudioVersion = 17.8.34316.72
MinimumVisualStudioVersion = 10.0.40219.1
Project("{2150E333-8FDC-42A3-9474-1A3956D46DE8}") = "01 API", "01 API", "{578FBE5D-CDD9-461D-B9DC-204C40D7D38C}"
EndProject
Project("{FAE04EC0-301F-11D3-BF4B-00C04F79EFBC}") = "Proyect_FastFood", "Proyect_FastFood\Proyect_FastFood.csproj", "{2E7370A6-AB21-4BEE-9C7B-DA7298982C6E}"
EndProject
Project("{2150E333-8FDC-42A3-9474-1A3956D46DE8}") = "02 BUSSNIES", "02 BUSSNIES", "{0A816A56-9C07-4BB1-B9F2-E77DFA6B2E65}"
EndProject
Project("{2150E333-8FDC-42A3-9474-1A3956D46DE8}") = "03 SERVICES", "03 SERVICES", "{0FEDDB6B-44D5-4C4C-843A-7B33C9BA6A41}"
EndProject
Project("{2150E333-8FDC-42A3-9474-1A3956D46DE8}") = "04 REPOSITORY", "04 REPOSITORY", "{844F5758-0530-4E61-9CBA-29C515732FD8}"
EndProject
Project("{2150E333-8FDC-42A3-9474-1A3956D46DE8}") = "05 MODEL", "05 MODEL", "{C0190919-3199-4007-9C00-5E215BD98928}"
EndProject
Project("{2150E333-8FDC-42A3-9474-1A3956D46DE8}") = "06 UTILITARIOS", "06 UTILITARIOS", "{6477EF0E-4A85-4A78-8554-5C5B17A0AD00}"
EndProject
Project("{2150E333-8FDC-42A3-9474-1A3956D46DE8}") = "07 GENERACION ARCHIVOS", "07 GENERACION ARCHIVOS", "{7B26096B-07F7-4BB0-A0BA-6020866FC1D9}"
EndProject
Project("{2150E333-8FDC-42A3-9474-1A3956D46DE8}") = "10 ANOTACIONES", "10 ANOTACIONES", "{99EC72CD-B260-4C30-9CE3-2724D8534A07}"
	ProjectSection(SolutionItems) = preProject
		Librerias instaladas.txt = Librerias instaladas.txt
		Mapeo de mi base.txt = Mapeo de mi base.txt
	EndProjectSection
EndProject
Project("{FAE04EC0-301F-11D3-BF4B-00C04F79EFBC}") = "Bussnies", "Bussnies\Bussnies.csproj", "{BDA793C8-2622-4CAA-9CF2-551824B7FA50}"
EndProject
Project("{FAE04EC0-301F-11D3-BF4B-00C04F79EFBC}") = "IBussnies", "IBussnies\IBussnies.csproj", "{C1F77841-DD10-4D4E-B5C4-DE939D8042B3}"
EndProject
Project("{FAE04EC0-301F-11D3-BF4B-00C04F79EFBC}") = "Services", "Services\Services.csproj", "{D8A60328-0571-43F1-9A18-522EDF01731D}"
EndProject
Project("{FAE04EC0-301F-11D3-BF4B-00C04F79EFBC}") = "IServices", "IServices\IServices.csproj", "{A1B6D153-C4BA-403D-B92D-C97630E53163}"
EndProject
Project("{FAE04EC0-301F-11D3-BF4B-00C04F79EFBC}") = "IRepository", "IRepository\IRepository.csproj", "{F59F7E51-0B7A-4BAE-99CC-9656E36D98F1}"
EndProject
Project("{FAE04EC0-301F-11D3-BF4B-00C04F79EFBC}") = "Repository", "Repository\Repository.csproj", "{9F5F0F81-C1B6-4996-948E-AB3D54FA2562}"
EndProject
Project("{FAE04EC0-301F-11D3-BF4B-00C04F79EFBC}") = "CommonModel", "CommonModel\CommonModel.csproj", "{697CC7EC-EB62-477A-8A6B-06889543F20D}"
EndProject
Project("{FAE04EC0-301F-11D3-BF4B-00C04F79EFBC}") = "RequestResponseModel", "RequestResponseModel\RequestResponseModel.csproj", "{5D3F9B65-5188-4BDC-8154-698BD223CFD0}"
EndProject
Project("{FAE04EC0-301F-11D3-BF4B-00C04F79EFBC}") = "UtilAutomapper", "UtilAutomapper\UtilAutomapper.csproj", "{ACF85F17-729B-4FA1-90C4-B362053F6B9E}"
EndProject
Project("{FAE04EC0-301F-11D3-BF4B-00C04F79EFBC}") = "UtilConstants", "UtilConstants\UtilConstants.csproj", "{EF2E45B9-0834-4253-869C-6756DDBCE532}"
EndProject
Project("{FAE04EC0-301F-11D3-BF4B-00C04F79EFBC}") = "UtilSecurity", "UtilSecurity\UtilSecurity.csproj", "{17305C20-45D0-4538-AC8C-45993AC34FFC}"
EndProject
Project("{FAE04EC0-301F-11D3-BF4B-00C04F79EFBC}") = "UtilExcel", "UtilExcel\UtilExcel.csproj", "{CA217B68-188F-4811-A1EF-7C1AF38ED001}"
EndProject
Project("{FAE04EC0-301F-11D3-BF4B-00C04F79EFBC}") = "UtilPdf", "UtilPdf\UtilPdf.csproj", "{5BEA91C4-A850-4F0A-A339-9EEB30BCA198}"
EndProject
Project("{FAE04EC0-301F-11D3-BF4B-00C04F79EFBC}") = "BDFastFood", "BDFastFood\BDFastFood.csproj", "{74059D7C-7EB1-4EF8-BA21-63B9DDAC7DE8}"
EndProject
Global
	GlobalSection(SolutionConfigurationPlatforms) = preSolution
		Debug|Any CPU = Debug|Any CPU
		Release|Any CPU = Release|Any CPU
	EndGlobalSection
	GlobalSection(ProjectConfigurationPlatforms) = postSolution
		{2E7370A6-AB21-4BEE-9C7B-DA7298982C6E}.Debug|Any CPU.ActiveCfg = Debug|Any CPU
		{2E7370A6-AB21-4BEE-9C7B-DA7298982C6E}.Debug|Any CPU.Build.0 = Debug|Any CPU
		{2E7370A6-AB21-4BEE-9C7B-DA7298982C6E}.Release|Any CPU.ActiveCfg = Release|Any CPU
		{2E7370A6-AB21-4BEE-9C7B-DA7298982C6E}.Release|Any CPU.Build.0 = Release|Any CPU
		{BDA793C8-2622-4CAA-9CF2-551824B7FA50}.Debug|Any CPU.ActiveCfg = Debug|Any CPU
		{BDA793C8-2622-4CAA-9CF2-551824B7FA50}.Debug|Any CPU.Build.0 = Debug|Any CPU
		{BDA793C8-2622-4CAA-9CF2-551824B7FA50}.Release|Any CPU.ActiveCfg = Release|Any CPU
		{BDA793C8-2622-4CAA-9CF2-551824B7FA50}.Release|Any CPU.Build.0 = Release|Any CPU
		{C1F77841-DD10-4D4E-B5C4-DE939D8042B3}.Debug|Any CPU.ActiveCfg = Debug|Any CPU
		{C1F77841-DD10-4D4E-B5C4-DE939D8042B3}.Debug|Any CPU.Build.0 = Debug|Any CPU
		{C1F77841-DD10-4D4E-B5C4-DE939D8042B3}.Release|Any CPU.ActiveCfg = Release|Any CPU
		{C1F77841-DD10-4D4E-B5C4-DE939D8042B3}.Release|Any CPU.Build.0 = Release|Any CPU
		{D8A60328-0571-43F1-9A18-522EDF01731D}.Debug|Any CPU.ActiveCfg = Debug|Any CPU
		{D8A60328-0571-43F1-9A18-522EDF01731D}.Debug|Any CPU.Build.0 = Debug|Any CPU
		{D8A60328-0571-43F1-9A18-522EDF01731D}.Release|Any CPU.ActiveCfg = Release|Any CPU
		{D8A60328-0571-43F1-9A18-522EDF01731D}.Release|Any CPU.Build.0 = Release|Any CPU
		{A1B6D153-C4BA-403D-B92D-C97630E53163}.Debug|Any CPU.ActiveCfg = Debug|Any CPU
		{A1B6D153-C4BA-403D-B92D-C97630E53163}.Debug|Any CPU.Build.0 = Debug|Any CPU
		{A1B6D153-C4BA-403D-B92D-C97630E53163}.Release|Any CPU.ActiveCfg = Release|Any CPU
		{A1B6D153-C4BA-403D-B92D-C97630E53163}.Release|Any CPU.Build.0 = Release|Any CPU
		{F59F7E51-0B7A-4BAE-99CC-9656E36D98F1}.Debug|Any CPU.ActiveCfg = Debug|Any CPU
		{F59F7E51-0B7A-4BAE-99CC-9656E36D98F1}.Debug|Any CPU.Build.0 = Debug|Any CPU
		{F59F7E51-0B7A-4BAE-99CC-9656E36D98F1}.Release|Any CPU.ActiveCfg = Release|Any CPU
		{F59F7E51-0B7A-4BAE-99CC-9656E36D98F1}.Release|Any CPU.Build.0 = Release|Any CPU
		{9F5F0F81-C1B6-4996-948E-AB3D54FA2562}.Debug|Any CPU.ActiveCfg = Debug|Any CPU
		{9F5F0F81-C1B6-4996-948E-AB3D54FA2562}.Debug|Any CPU.Build.0 = Debug|Any CPU
		{9F5F0F81-C1B6-4996-948E-AB3D54FA2562}.Release|Any CPU.ActiveCfg = Release|Any CPU
		{9F5F0F81-C1B6-4996-948E-AB3D54FA2562}.Release|Any CPU.Build.0 = Release|Any CPU
		{697CC7EC-EB62-477A-8A6B-06889543F20D}.Debug|Any CPU.ActiveCfg = Debug|Any CPU
		{697CC7EC-EB62-477A-8A6B-06889543F20D}.Debug|Any CPU.Build.0 = Debug|Any CPU
		{697CC7EC-EB62-477A-8A6B-06889543F20D}.Release|Any CPU.ActiveCfg = Release|Any CPU
		{697CC7EC-EB62-477A-8A6B-06889543F20D}.Release|Any CPU.Build.0 = Release|Any CPU
		{5D3F9B65-5188-4BDC-8154-698BD223CFD0}.Debug|Any CPU.ActiveCfg = Debug|Any CPU
		{5D3F9B65-5188-4BDC-8154-698BD223CFD0}.Debug|Any CPU.Build.0 = Debug|Any CPU
		{5D3F9B65-5188-4BDC-8154-698BD223CFD0}.Release|Any CPU.ActiveCfg = Release|Any CPU
		{5D3F9B65-5188-4BDC-8154-698BD223CFD0}.Release|Any CPU.Build.0 = Release|Any CPU
		{ACF85F17-729B-4FA1-90C4-B362053F6B9E}.Debug|Any CPU.ActiveCfg = Debug|Any CPU
		{ACF85F17-729B-4FA1-90C4-B362053F6B9E}.Debug|Any CPU.Build.0 = Debug|Any CPU
		{ACF85F17-729B-4FA1-90C4-B362053F6B9E}.Release|Any CPU.ActiveCfg = Release|Any CPU
		{ACF85F17-729B-4FA1-90C4-B362053F6B9E}.Release|Any CPU.Build.0 = Release|Any CPU
		{EF2E45B9-0834-4253-869C-6756DDBCE532}.Debug|Any CPU.ActiveCfg = Debug|Any CPU
		{EF2E45B9-0834-4253-869C-6756DDBCE532}.Debug|Any CPU.Build.0 = Debug|Any CPU
		{EF2E45B9-0834-4253-869C-6756DDBCE532}.Release|Any CPU.ActiveCfg = Release|Any CPU
		{EF2E45B9-0834-4253-869C-6756DDBCE532}.Release|Any CPU.Build.0 = Release|Any CPU
		{17305C20-45D0-4538-AC8C-45993AC34FFC}.Debug|Any CPU.ActiveCfg = Debug|Any CPU
		{17305C20-45D0-4538-AC8C-45993AC34FFC}.Debug|Any CPU.Build.0 = Debug|Any CPU
		{17305C20-45D0-4538-AC8C-45993AC34FFC}.Release|Any CPU.ActiveCfg = Release|Any CPU
		{17305C20-45D0-4538-AC8C-45993AC34FFC}.Release|Any CPU.Build.0 = Release|Any CPU
		{CA217B68-188F-4811-A1EF-7C1AF38ED001}.Debug|Any CPU.ActiveCfg = Debug|Any CPU
		{CA217B68-188F-4811-A1EF-7C1AF38ED001}.Debug|Any CPU.Build.0 = Debug|Any CPU
		{CA217B68-188F-4811-A1EF-7C1AF38ED001}.Release|Any CPU.ActiveCfg = Release|Any CPU
		{CA217B68-188F-4811-A1EF-7C1AF38ED001}.Release|Any CPU.Build.0 = Release|Any CPU
		{5BEA91C4-A850-4F0A-A339-9EEB30BCA198}.Debug|Any CPU.ActiveCfg = Debug|Any CPU
		{5BEA91C4-A850-4F0A-A339-9EEB30BCA198}.Debug|Any CPU.Build.0 = Debug|Any CPU
		{5BEA91C4-A850-4F0A-A339-9EEB30BCA198}.Release|Any CPU.ActiveCfg = Release|Any CPU
		{5BEA91C4-A850-4F0A-A339-9EEB30BCA198}.Release|Any CPU.Build.0 = Release|Any CPU
		{74059D7C-7EB1-4EF8-BA21-63B9DDAC7DE8}.Debug|Any CPU.ActiveCfg = Debug|Any CPU
		{74059D7C-7EB1-4EF8-BA21-63B9DDAC7DE8}.Debug|Any CPU.Build.0 = Debug|Any CPU
		{74059D7C-7EB1-4EF8-BA21-63B9DDAC7DE8}.Release|Any CPU.ActiveCfg = Release|Any CPU
		{74059D7C-7EB1-4EF8-BA21-63B9DDAC7DE8}.Release|Any CPU.Build.0 = Release|Any CPU
	EndGlobalSection
	GlobalSection(SolutionProperties) = preSolution
		HideSolutionNode = FALSE
	EndGlobalSection
	GlobalSection(NestedProjects) = preSolution
		{2E7370A6-AB21-4BEE-9C7B-DA7298982C6E} = {578FBE5D-CDD9-461D-B9DC-204C40D7D38C}
		{BDA793C8-2622-4CAA-9CF2-551824B7FA50} = {0A816A56-9C07-4BB1-B9F2-E77DFA6B2E65}
		{C1F77841-DD10-4D4E-B5C4-DE939D8042B3} = {0A816A56-9C07-4BB1-B9F2-E77DFA6B2E65}
		{D8A60328-0571-43F1-9A18-522EDF01731D} = {0FEDDB6B-44D5-4C4C-843A-7B33C9BA6A41}
		{A1B6D153-C4BA-403D-B92D-C97630E53163} = {0FEDDB6B-44D5-4C4C-843A-7B33C9BA6A41}
		{F59F7E51-0B7A-4BAE-99CC-9656E36D98F1} = {844F5758-0530-4E61-9CBA-29C515732FD8}
		{9F5F0F81-C1B6-4996-948E-AB3D54FA2562} = {844F5758-0530-4E61-9CBA-29C515732FD8}
		{697CC7EC-EB62-477A-8A6B-06889543F20D} = {C0190919-3199-4007-9C00-5E215BD98928}
		{5D3F9B65-5188-4BDC-8154-698BD223CFD0} = {C0190919-3199-4007-9C00-5E215BD98928}
		{ACF85F17-729B-4FA1-90C4-B362053F6B9E} = {6477EF0E-4A85-4A78-8554-5C5B17A0AD00}
		{EF2E45B9-0834-4253-869C-6756DDBCE532} = {6477EF0E-4A85-4A78-8554-5C5B17A0AD00}
		{17305C20-45D0-4538-AC8C-45993AC34FFC} = {6477EF0E-4A85-4A78-8554-5C5B17A0AD00}
		{CA217B68-188F-4811-A1EF-7C1AF38ED001} = {7B26096B-07F7-4BB0-A0BA-6020866FC1D9}
		{5BEA91C4-A850-4F0A-A339-9EEB30BCA198} = {7B26096B-07F7-4BB0-A0BA-6020866FC1D9}
		{74059D7C-7EB1-4EF8-BA21-63B9DDAC7DE8} = {C0190919-3199-4007-9C00-5E215BD98928}
	EndGlobalSection
	GlobalSection(ExtensibilityGlobals) = postSolution
		SolutionGuid = {8709548F-7A5B-4E90-B849-00F996FD1B8B}
	EndGlobalSection
EndGlobal
